
Microsoft Visual Studio Solution File, Format Version 12.00
# Visual Studio Express 2012 for Windows Desktop
Project("{FAE04EC0-301F-11D3-BF4B-00C04F79EFBC}") = "testConocimientos", "testConocimientos\testConocimientos.csproj", "{B58D18E6-A7CD-4880-A3B9-A562FF051A3A}"
EndProject
Global
	GlobalSection(SolutionConfigurationPlatforms) = preSolution
		Debug|Any CPU = Debug|Any CPU
		Release|Any CPU = Release|Any CPU
	EndGlobalSection
	GlobalSection(ProjectConfigurationPlatforms) = postSolution
		{B58D18E6-A7CD-4880-A3B9-A562FF051A3A}.Debug|Any CPU.ActiveCfg = Debug|Any CPU
		{B58D18E6-A7CD-4880-A3B9-A562FF051A3A}.Debug|Any CPU.Build.0 = Debug|Any CPU
		{B58D18E6-A7CD-4880-A3B9-A562FF051A3A}.Release|Any CPU.ActiveCfg = Release|Any CPU
		{B58D18E6-A7CD-4880-A3B9-A562FF051A3A}.Release|Any CPU.Build.0 = Release|Any CPU
	EndGlobalSection
	GlobalSection(SolutionProperties) = preSolution
		HideSolutionNode = FALSE
	EndGlobalSection
EndGlobal
